
Microsoft Visual Studio Solution File, Format Version 12.00
# Visual Studio Version 16
VisualStudioVersion = 16.0.30225.117
MinimumVisualStudioVersion = 10.0.40219.1
Project("{FAE04EC0-301F-11D3-BF4B-00C04F79EFBC}") = "FileWatcherService1", "FileWatcherService1\FileWatcherService1.csproj", "{7EF1E048-DB8B-43D8-9491-5DF1342359D0}"
EndProject
Global
	GlobalSection(SolutionConfigurationPlatforms) = preSolution
		Debug|Any CPU = Debug|Any CPU
		Release|Any CPU = Release|Any CPU
	EndGlobalSection
	GlobalSection(ProjectConfigurationPlatforms) = postSolution
		{7EF1E048-DB8B-43D8-9491-5DF1342359D0}.Debug|Any CPU.ActiveCfg = Debug|Any CPU
		{7EF1E048-DB8B-43D8-9491-5DF1342359D0}.Debug|Any CPU.Build.0 = Debug|Any CPU
		{7EF1E048-DB8B-43D8-9491-5DF1342359D0}.Release|Any CPU.ActiveCfg = Release|Any CPU
		{7EF1E048-DB8B-43D8-9491-5DF1342359D0}.Release|Any CPU.Build.0 = Release|Any CPU
	EndGlobalSection
	GlobalSection(SolutionProperties) = preSolution
		HideSolutionNode = FALSE
	EndGlobalSection
	GlobalSection(ExtensibilityGlobals) = postSolution
		SolutionGuid = {973F67D9-C193-4FC7-9A7B-C8061D225A1F}
	EndGlobalSection
EndGlobal
